
Microsoft Visual Studio Solution File, Format Version 12.00
# Visual Studio Version 16
VisualStudioVersion = 16.0.31624.102
MinimumVisualStudioVersion = 10.0.40219.1
Project("{FAE04EC0-301F-11D3-BF4B-00C04F79EFBC}") = "API", "API\API.csproj", "{CAC3527E-8A45-4C27-8954-994F2202AEED}"
EndProject
Project("{FAE04EC0-301F-11D3-BF4B-00C04F79EFBC}") = "Service", "Service\Service.csproj", "{F3C6447D-7F09-4B95-8C2F-53D9C01569B7}"
EndProject
Project("{FAE04EC0-301F-11D3-BF4B-00C04F79EFBC}") = "Model", "Model\Model.csproj", "{3B1AF5E3-3CEB-457C-9784-60A1C8CAAD89}"
EndProject
Global
	GlobalSection(SolutionConfigurationPlatforms) = preSolution
		Debug|Any CPU = Debug|Any CPU
		Release|Any CPU = Release|Any CPU
	EndGlobalSection
	GlobalSection(ProjectConfigurationPlatforms) = postSolution
		{CAC3527E-8A45-4C27-8954-994F2202AEED}.Debug|Any CPU.ActiveCfg = Debug|Any CPU
		{CAC3527E-8A45-4C27-8954-994F2202AEED}.Debug|Any CPU.Build.0 = Debug|Any CPU
		{CAC3527E-8A45-4C27-8954-994F2202AEED}.Release|Any CPU.ActiveCfg = Release|Any CPU
		{CAC3527E-8A45-4C27-8954-994F2202AEED}.Release|Any CPU.Build.0 = Release|Any CPU
		{F3C6447D-7F09-4B95-8C2F-53D9C01569B7}.Debug|Any CPU.ActiveCfg = Debug|Any CPU
		{F3C6447D-7F09-4B95-8C2F-53D9C01569B7}.Debug|Any CPU.Build.0 = Debug|Any CPU
		{F3C6447D-7F09-4B95-8C2F-53D9C01569B7}.Release|Any CPU.ActiveCfg = Release|Any CPU
		{F3C6447D-7F09-4B95-8C2F-53D9C01569B7}.Release|Any CPU.Build.0 = Release|Any CPU
		{3B1AF5E3-3CEB-457C-9784-60A1C8CAAD89}.Debug|Any CPU.ActiveCfg = Debug|Any CPU
		{3B1AF5E3-3CEB-457C-9784-60A1C8CAAD89}.Debug|Any CPU.Build.0 = Debug|Any CPU
		{3B1AF5E3-3CEB-457C-9784-60A1C8CAAD89}.Release|Any CPU.ActiveCfg = Release|Any CPU
		{3B1AF5E3-3CEB-457C-9784-60A1C8CAAD89}.Release|Any CPU.Build.0 = Release|Any CPU
	EndGlobalSection
	GlobalSection(SolutionProperties) = preSolution
		HideSolutionNode = FALSE
	EndGlobalSection
	GlobalSection(ExtensibilityGlobals) = postSolution
		SolutionGuid = {9C541579-7602-4EC9-8B44-4E72304B1AEC}
	EndGlobalSection
EndGlobal
